
Microsoft Visual Studio Solution File, Format Version 12.00
# Visual Studio Version 16
VisualStudioVersion = 16.0.30611.23
MinimumVisualStudioVersion = 10.0.40219.1
Project("{FAE04EC0-301F-11D3-BF4B-00C04F79EFBC}") = "SalesWebMVC", "SalesWebMVC\SalesWebMVC.csproj", "{9C3B8DBD-585D-4C32-82D9-CAB9F813A411}"
EndProject
Global
	GlobalSection(SolutionConfigurationPlatforms) = preSolution
		Debug|Any CPU = Debug|Any CPU
		Release|Any CPU = Release|Any CPU
	EndGlobalSection
	GlobalSection(ProjectConfigurationPlatforms) = postSolution
		{9C3B8DBD-585D-4C32-82D9-CAB9F813A411}.Debug|Any CPU.ActiveCfg = Debug|Any CPU
		{9C3B8DBD-585D-4C32-82D9-CAB9F813A411}.Debug|Any CPU.Build.0 = Debug|Any CPU
		{9C3B8DBD-585D-4C32-82D9-CAB9F813A411}.Release|Any CPU.ActiveCfg = Release|Any CPU
		{9C3B8DBD-585D-4C32-82D9-CAB9F813A411}.Release|Any CPU.Build.0 = Release|Any CPU
	EndGlobalSection
	GlobalSection(SolutionProperties) = preSolution
		HideSolutionNode = FALSE
	EndGlobalSection
	GlobalSection(ExtensibilityGlobals) = postSolution
		SolutionGuid = {6E76D465-C209-40AD-B3BA-6A654F5A7B95}
	EndGlobalSection
EndGlobal
